# This file is generated by running "yarn install" inside your project.
# Manual changes might be lost - proceed with caution!

__metadata:
  version: 6

"eslint-config-tabbify@workspace:.":
  version: 0.0.0-use.local
  resolution: "eslint-config-tabbify@workspace:."
  peerDependencies:
    eslint: ">=8"
    eslint-plugin-import: ">=2"
  languageName: unknown
  linkType: soft
